
Microsoft Visual Studio Solution File, Format Version 12.00
# Visual Studio 15
VisualStudioVersion = 15.0.27703.2000
MinimumVisualStudioVersion = 10.0.40219.1
Project("{A07B5EB6-E848-4116-A8D0-A826331D98C6}") = "StockShareProvider", "StockShareProvider\StockShareProvider.sfproj", "{A1CC4496-DAAD-4546-8821-D9DCE738E576}"
EndProject
Project("{FAE04EC0-301F-11D3-BF4B-00C04F79EFBC}") = "StockShareProviderAPI", "StockShareProviderAPI\StockShareProviderAPI.csproj", "{6ED3F2CC-9D99-448E-BDE7-4649E8A5DAED}"
EndProject
Global
	GlobalSection(SolutionConfigurationPlatforms) = preSolution
		Debug|Any CPU = Debug|Any CPU
		Debug|x64 = Debug|x64
		Release|Any CPU = Release|Any CPU
		Release|x64 = Release|x64
	EndGlobalSection
	GlobalSection(ProjectConfigurationPlatforms) = postSolution
		{A1CC4496-DAAD-4546-8821-D9DCE738E576}.Debug|Any CPU.ActiveCfg = Debug|x64
		{A1CC4496-DAAD-4546-8821-D9DCE738E576}.Debug|x64.ActiveCfg = Debug|x64
		{A1CC4496-DAAD-4546-8821-D9DCE738E576}.Debug|x64.Build.0 = Debug|x64
		{A1CC4496-DAAD-4546-8821-D9DCE738E576}.Debug|x64.Deploy.0 = Debug|x64
		{A1CC4496-DAAD-4546-8821-D9DCE738E576}.Release|Any CPU.ActiveCfg = Release|x64
		{A1CC4496-DAAD-4546-8821-D9DCE738E576}.Release|x64.ActiveCfg = Release|x64
		{A1CC4496-DAAD-4546-8821-D9DCE738E576}.Release|x64.Build.0 = Release|x64
		{A1CC4496-DAAD-4546-8821-D9DCE738E576}.Release|x64.Deploy.0 = Release|x64
		{6ED3F2CC-9D99-448E-BDE7-4649E8A5DAED}.Debug|Any CPU.ActiveCfg = Debug|Any CPU
		{6ED3F2CC-9D99-448E-BDE7-4649E8A5DAED}.Debug|Any CPU.Build.0 = Debug|Any CPU
		{6ED3F2CC-9D99-448E-BDE7-4649E8A5DAED}.Debug|x64.ActiveCfg = Debug|Any CPU
		{6ED3F2CC-9D99-448E-BDE7-4649E8A5DAED}.Debug|x64.Build.0 = Debug|Any CPU
		{6ED3F2CC-9D99-448E-BDE7-4649E8A5DAED}.Release|Any CPU.ActiveCfg = Release|Any CPU
		{6ED3F2CC-9D99-448E-BDE7-4649E8A5DAED}.Release|Any CPU.Build.0 = Release|Any CPU
		{6ED3F2CC-9D99-448E-BDE7-4649E8A5DAED}.Release|x64.ActiveCfg = Release|Any CPU
		{6ED3F2CC-9D99-448E-BDE7-4649E8A5DAED}.Release|x64.Build.0 = Release|Any CPU
	EndGlobalSection
	GlobalSection(SolutionProperties) = preSolution
		HideSolutionNode = FALSE
	EndGlobalSection
	GlobalSection(ExtensibilityGlobals) = postSolution
		SolutionGuid = {3F1C5265-9508-424C-A7CE-DF02947B859E}
	EndGlobalSection
EndGlobal
