
Microsoft Visual Studio Solution File, Format Version 12.00
# Visual Studio 15
VisualStudioVersion = 15.0.27703.2000
MinimumVisualStudioVersion = 10.0.40219.1
Project("{A07B5EB6-E848-4116-A8D0-A826331D98C6}") = "TobinTaxControl", "TobinTaxControl\TobinTaxControl.sfproj", "{09B15D9B-EBB4-4F4C-9780-AC397007CC15}"
EndProject
Project("{FAE04EC0-301F-11D3-BF4B-00C04F79EFBC}") = "TobinTaxControlAPI", "TobinTaxControlAPI\TobinTaxControlAPI.csproj", "{90885A18-E428-4D46-96C3-9A82227DB969}"
EndProject
Global
	GlobalSection(SolutionConfigurationPlatforms) = preSolution
		Debug|Any CPU = Debug|Any CPU
		Debug|x64 = Debug|x64
		Release|Any CPU = Release|Any CPU
		Release|x64 = Release|x64
	EndGlobalSection
	GlobalSection(ProjectConfigurationPlatforms) = postSolution
		{09B15D9B-EBB4-4F4C-9780-AC397007CC15}.Debug|Any CPU.ActiveCfg = Debug|x64
		{09B15D9B-EBB4-4F4C-9780-AC397007CC15}.Debug|x64.ActiveCfg = Debug|x64
		{09B15D9B-EBB4-4F4C-9780-AC397007CC15}.Debug|x64.Build.0 = Debug|x64
		{09B15D9B-EBB4-4F4C-9780-AC397007CC15}.Debug|x64.Deploy.0 = Debug|x64
		{09B15D9B-EBB4-4F4C-9780-AC397007CC15}.Release|Any CPU.ActiveCfg = Release|x64
		{09B15D9B-EBB4-4F4C-9780-AC397007CC15}.Release|x64.ActiveCfg = Release|x64
		{09B15D9B-EBB4-4F4C-9780-AC397007CC15}.Release|x64.Build.0 = Release|x64
		{09B15D9B-EBB4-4F4C-9780-AC397007CC15}.Release|x64.Deploy.0 = Release|x64
		{90885A18-E428-4D46-96C3-9A82227DB969}.Debug|Any CPU.ActiveCfg = Debug|Any CPU
		{90885A18-E428-4D46-96C3-9A82227DB969}.Debug|Any CPU.Build.0 = Debug|Any CPU
		{90885A18-E428-4D46-96C3-9A82227DB969}.Debug|x64.ActiveCfg = Debug|Any CPU
		{90885A18-E428-4D46-96C3-9A82227DB969}.Debug|x64.Build.0 = Debug|Any CPU
		{90885A18-E428-4D46-96C3-9A82227DB969}.Release|Any CPU.ActiveCfg = Release|Any CPU
		{90885A18-E428-4D46-96C3-9A82227DB969}.Release|Any CPU.Build.0 = Release|Any CPU
		{90885A18-E428-4D46-96C3-9A82227DB969}.Release|x64.ActiveCfg = Release|Any CPU
		{90885A18-E428-4D46-96C3-9A82227DB969}.Release|x64.Build.0 = Release|Any CPU
	EndGlobalSection
	GlobalSection(SolutionProperties) = preSolution
		HideSolutionNode = FALSE
	EndGlobalSection
	GlobalSection(ExtensibilityGlobals) = postSolution
		SolutionGuid = {DF3DF93F-C06D-49D7-BBC7-10189F288023}
	EndGlobalSection
EndGlobal
